
Microsoft Visual Studio Solution File, Format Version 12.00
# Visual Studio Version 16
VisualStudioVersion = 16.0.30225.117
MinimumVisualStudioVersion = 10.0.40219.1
Project("{FAE04EC0-301F-11D3-BF4B-00C04F79EFBC}") = "WindowsFormsApp150", "WindowsFormsApp150\WindowsFormsApp150.csproj", "{0D56A8FC-C4AA-4BE0-ACF7-579683A59500}"
EndProject
Global
	GlobalSection(SolutionConfigurationPlatforms) = preSolution
		Debug|Any CPU = Debug|Any CPU
		Release|Any CPU = Release|Any CPU
	EndGlobalSection
	GlobalSection(ProjectConfigurationPlatforms) = postSolution
		{0D56A8FC-C4AA-4BE0-ACF7-579683A59500}.Debug|Any CPU.ActiveCfg = Debug|Any CPU
		{0D56A8FC-C4AA-4BE0-ACF7-579683A59500}.Debug|Any CPU.Build.0 = Debug|Any CPU
		{0D56A8FC-C4AA-4BE0-ACF7-579683A59500}.Release|Any CPU.ActiveCfg = Release|Any CPU
		{0D56A8FC-C4AA-4BE0-ACF7-579683A59500}.Release|Any CPU.Build.0 = Release|Any CPU
	EndGlobalSection
	GlobalSection(SolutionProperties) = preSolution
		HideSolutionNode = FALSE
	EndGlobalSection
	GlobalSection(ExtensibilityGlobals) = postSolution
		SolutionGuid = {A2DD7AA5-8A5C-4A6E-8CFD-5C2A2E5E6814}
	EndGlobalSection
EndGlobal
